
Microsoft Visual Studio Solution File, Format Version 12.00
# Visual Studio Version 17
VisualStudioVersion = 17.4.33122.133
MinimumVisualStudioVersion = 10.0.40219.1
Project("{FAE04EC0-301F-11D3-BF4B-00C04F79EFBC}") = "QuanLyKhoHang", "QuanLyKhoHang.csproj", "{054DA624-2335-4CC5-9DE8-EB057BCD2041}"
EndProject
Global
	GlobalSection(SolutionConfigurationPlatforms) = preSolution
		Debug|Any CPU = Debug|Any CPU
		Release|Any CPU = Release|Any CPU
	EndGlobalSection
	GlobalSection(ProjectConfigurationPlatforms) = postSolution
		{054DA624-2335-4CC5-9DE8-EB057BCD2041}.Debug|Any CPU.ActiveCfg = Debug|Any CPU
		{054DA624-2335-4CC5-9DE8-EB057BCD2041}.Debug|Any CPU.Build.0 = Debug|Any CPU
		{054DA624-2335-4CC5-9DE8-EB057BCD2041}.Release|Any CPU.ActiveCfg = Release|Any CPU
		{054DA624-2335-4CC5-9DE8-EB057BCD2041}.Release|Any CPU.Build.0 = Release|Any CPU
	EndGlobalSection
	GlobalSection(SolutionProperties) = preSolution
		HideSolutionNode = FALSE
	EndGlobalSection
	GlobalSection(ExtensibilityGlobals) = postSolution
		SolutionGuid = {764B5324-0DD7-4B15-8610-490C727D6781}
	EndGlobalSection
EndGlobal
